
Microsoft Visual Studio Solution File, Format Version 12.00
# Visual Studio Version 17
VisualStudioVersion = 17.12.35527.113
MinimumVisualStudioVersion = 10.0.40219.1
Project("{FAE04EC0-301F-11D3-BF4B-00C04F79EFBC}") = "RealEstateApp1", "RealEstateApp\RealEstateApp1.csproj", "{18D00453-12C5-498E-91B1-1DE7E5E1D07B}"
EndProject
Project("{FAE04EC0-301F-11D3-BF4B-00C04F79EFBC}") = "OOPTaskDay2", "OOPTaskDay2\OOPTaskDay2.csproj", "{F87AC7AD-4610-463F-BA45-CB3D003A0DAB}"
EndProject
Project("{FAE04EC0-301F-11D3-BF4B-00C04F79EFBC}") = "SOLIDTaskDay3", "SOLIDTaskDay3\SOLIDTaskDay3.csproj", "{E8AC8EEB-B947-4847-B194-264C9B4E386D}"
EndProject
Project("{FAE04EC0-301F-11D3-BF4B-00C04F79EFBC}") = "RealEstate.core", "RealEstate.core\RealEstate.core.csproj", "{4462F7BB-8F80-4E69-A6F9-76C6454B1C05}"
EndProject
Project("{FAE04EC0-301F-11D3-BF4B-00C04F79EFBC}") = "RealEstate.Api", "WebAPIBasics\RealEstate.Api.csproj", "{D640EA32-118D-4E05-BE01-6EF7B7041B18}"
EndProject
Project("{FAE04EC0-301F-11D3-BF4B-00C04F79EFBC}") = "SoftDelete_Approach", "SoftDelete_Approach\SoftDelete_Approach.csproj", "{B3DB2DA4-E754-4F70-B730-8840FE551D06}"
EndProject
Project("{FAE04EC0-301F-11D3-BF4B-00C04F79EFBC}") = "RepositoryPattern", "RepositoryPattern\RepositoryPattern.csproj", "{5CBAA545-A095-4A2A-9DE3-6F7D258AA83B}"
EndProject
Project("{FAE04EC0-301F-11D3-BF4B-00C04F79EFBC}") = "Pagination", "Pagination\Pagination.csproj", "{089E4D2F-61CF-4FBD-B014-DB209ECDE030}"
EndProject
Project("{FAE04EC0-301F-11D3-BF4B-00C04F79EFBC}") = "RealEstate.Functions", "RealEstate.Functions\RealEstate.Functions.csproj", "{D91E874A-26E4-4F26-842D-4F72BF72BB6F}"
EndProject
Project("{FAE04EC0-301F-11D3-BF4B-00C04F79EFBC}") = "AzureTableStorage.Functions", "AzureTableStorage.Functions\AzureTableStorage.Functions.csproj", "{5527AFEE-E3E8-4322-B287-9434CC8DCA22}"
EndProject
Global
	GlobalSection(SolutionConfigurationPlatforms) = preSolution
		Debug|Any CPU = Debug|Any CPU
		Release|Any CPU = Release|Any CPU
	EndGlobalSection
	GlobalSection(ProjectConfigurationPlatforms) = postSolution
		{18D00453-12C5-498E-91B1-1DE7E5E1D07B}.Debug|Any CPU.ActiveCfg = Debug|Any CPU
		{18D00453-12C5-498E-91B1-1DE7E5E1D07B}.Debug|Any CPU.Build.0 = Debug|Any CPU
		{18D00453-12C5-498E-91B1-1DE7E5E1D07B}.Release|Any CPU.ActiveCfg = Release|Any CPU
		{18D00453-12C5-498E-91B1-1DE7E5E1D07B}.Release|Any CPU.Build.0 = Release|Any CPU
		{F87AC7AD-4610-463F-BA45-CB3D003A0DAB}.Debug|Any CPU.ActiveCfg = Debug|Any CPU
		{F87AC7AD-4610-463F-BA45-CB3D003A0DAB}.Debug|Any CPU.Build.0 = Debug|Any CPU
		{F87AC7AD-4610-463F-BA45-CB3D003A0DAB}.Release|Any CPU.ActiveCfg = Release|Any CPU
		{F87AC7AD-4610-463F-BA45-CB3D003A0DAB}.Release|Any CPU.Build.0 = Release|Any CPU
		{E8AC8EEB-B947-4847-B194-264C9B4E386D}.Debug|Any CPU.ActiveCfg = Debug|Any CPU
		{E8AC8EEB-B947-4847-B194-264C9B4E386D}.Debug|Any CPU.Build.0 = Debug|Any CPU
		{E8AC8EEB-B947-4847-B194-264C9B4E386D}.Release|Any CPU.ActiveCfg = Release|Any CPU
		{E8AC8EEB-B947-4847-B194-264C9B4E386D}.Release|Any CPU.Build.0 = Release|Any CPU
		{4462F7BB-8F80-4E69-A6F9-76C6454B1C05}.Debug|Any CPU.ActiveCfg = Debug|Any CPU
		{4462F7BB-8F80-4E69-A6F9-76C6454B1C05}.Debug|Any CPU.Build.0 = Debug|Any CPU
		{4462F7BB-8F80-4E69-A6F9-76C6454B1C05}.Release|Any CPU.ActiveCfg = Release|Any CPU
		{4462F7BB-8F80-4E69-A6F9-76C6454B1C05}.Release|Any CPU.Build.0 = Release|Any CPU
		{D640EA32-118D-4E05-BE01-6EF7B7041B18}.Debug|Any CPU.ActiveCfg = Debug|Any CPU
		{D640EA32-118D-4E05-BE01-6EF7B7041B18}.Debug|Any CPU.Build.0 = Debug|Any CPU
		{D640EA32-118D-4E05-BE01-6EF7B7041B18}.Release|Any CPU.ActiveCfg = Release|Any CPU
		{D640EA32-118D-4E05-BE01-6EF7B7041B18}.Release|Any CPU.Build.0 = Release|Any CPU
		{B3DB2DA4-E754-4F70-B730-8840FE551D06}.Debug|Any CPU.ActiveCfg = Debug|Any CPU
		{B3DB2DA4-E754-4F70-B730-8840FE551D06}.Debug|Any CPU.Build.0 = Debug|Any CPU
		{B3DB2DA4-E754-4F70-B730-8840FE551D06}.Release|Any CPU.ActiveCfg = Release|Any CPU
		{B3DB2DA4-E754-4F70-B730-8840FE551D06}.Release|Any CPU.Build.0 = Release|Any CPU
		{5CBAA545-A095-4A2A-9DE3-6F7D258AA83B}.Debug|Any CPU.ActiveCfg = Debug|Any CPU
		{5CBAA545-A095-4A2A-9DE3-6F7D258AA83B}.Debug|Any CPU.Build.0 = Debug|Any CPU
		{5CBAA545-A095-4A2A-9DE3-6F7D258AA83B}.Release|Any CPU.ActiveCfg = Release|Any CPU
		{5CBAA545-A095-4A2A-9DE3-6F7D258AA83B}.Release|Any CPU.Build.0 = Release|Any CPU
		{089E4D2F-61CF-4FBD-B014-DB209ECDE030}.Debug|Any CPU.ActiveCfg = Debug|Any CPU
		{089E4D2F-61CF-4FBD-B014-DB209ECDE030}.Debug|Any CPU.Build.0 = Debug|Any CPU
		{089E4D2F-61CF-4FBD-B014-DB209ECDE030}.Release|Any CPU.ActiveCfg = Release|Any CPU
		{089E4D2F-61CF-4FBD-B014-DB209ECDE030}.Release|Any CPU.Build.0 = Release|Any CPU
		{D91E874A-26E4-4F26-842D-4F72BF72BB6F}.Debug|Any CPU.ActiveCfg = Debug|Any CPU
		{D91E874A-26E4-4F26-842D-4F72BF72BB6F}.Debug|Any CPU.Build.0 = Debug|Any CPU
		{D91E874A-26E4-4F26-842D-4F72BF72BB6F}.Release|Any CPU.ActiveCfg = Release|Any CPU
		{D91E874A-26E4-4F26-842D-4F72BF72BB6F}.Release|Any CPU.Build.0 = Release|Any CPU
		{5527AFEE-E3E8-4322-B287-9434CC8DCA22}.Debug|Any CPU.ActiveCfg = Debug|Any CPU
		{5527AFEE-E3E8-4322-B287-9434CC8DCA22}.Debug|Any CPU.Build.0 = Debug|Any CPU
		{5527AFEE-E3E8-4322-B287-9434CC8DCA22}.Release|Any CPU.ActiveCfg = Release|Any CPU
		{5527AFEE-E3E8-4322-B287-9434CC8DCA22}.Release|Any CPU.Build.0 = Release|Any CPU
	EndGlobalSection
	GlobalSection(SolutionProperties) = preSolution
		HideSolutionNode = FALSE
	EndGlobalSection
EndGlobal
