
Microsoft Visual Studio Solution File, Format Version 12.00
# Visual Studio Version 17
VisualStudioVersion = 17.12.35527.113
MinimumVisualStudioVersion = 10.0.40219.1
Project("{FAE04EC0-301F-11D3-BF4B-00C04F79EFBC}") = "RealEstateApp1", "RealEstateApp\RealEstateApp1.csproj", "{18D00453-12C5-498E-91B1-1DE7E5E1D07B}"
EndProject
Project("{FAE04EC0-301F-11D3-BF4B-00C04F79EFBC}") = "OOPTaskDay2", "OOPTaskDay2\OOPTaskDay2.csproj", "{F87AC7AD-4610-463F-BA45-CB3D003A0DAB}"
EndProject
Project("{FAE04EC0-301F-11D3-BF4B-00C04F79EFBC}") = "SOLIDTaskDay3", "SOLIDTaskDay3\SOLIDTaskDay3.csproj", "{E8AC8EEB-B947-4847-B194-264C9B4E386D}"
EndProject
Project("{FAE04EC0-301F-11D3-BF4B-00C04F79EFBC}") = "RealEstate.core", "RealEstate.core\RealEstate.core.csproj", "{4462F7BB-8F80-4E69-A6F9-76C6454B1C05}"
EndProject
Global
	GlobalSection(SolutionConfigurationPlatforms) = preSolution
		Debug|Any CPU = Debug|Any CPU
		Release|Any CPU = Release|Any CPU
	EndGlobalSection
	GlobalSection(ProjectConfigurationPlatforms) = postSolution
		{18D00453-12C5-498E-91B1-1DE7E5E1D07B}.Debug|Any CPU.ActiveCfg = Debug|Any CPU
		{18D00453-12C5-498E-91B1-1DE7E5E1D07B}.Debug|Any CPU.Build.0 = Debug|Any CPU
		{18D00453-12C5-498E-91B1-1DE7E5E1D07B}.Release|Any CPU.ActiveCfg = Release|Any CPU
		{18D00453-12C5-498E-91B1-1DE7E5E1D07B}.Release|Any CPU.Build.0 = Release|Any CPU
		{F87AC7AD-4610-463F-BA45-CB3D003A0DAB}.Debug|Any CPU.ActiveCfg = Debug|Any CPU
		{F87AC7AD-4610-463F-BA45-CB3D003A0DAB}.Debug|Any CPU.Build.0 = Debug|Any CPU
		{F87AC7AD-4610-463F-BA45-CB3D003A0DAB}.Release|Any CPU.ActiveCfg = Release|Any CPU
		{F87AC7AD-4610-463F-BA45-CB3D003A0DAB}.Release|Any CPU.Build.0 = Release|Any CPU
		{E8AC8EEB-B947-4847-B194-264C9B4E386D}.Debug|Any CPU.ActiveCfg = Debug|Any CPU
		{E8AC8EEB-B947-4847-B194-264C9B4E386D}.Debug|Any CPU.Build.0 = Debug|Any CPU
		{E8AC8EEB-B947-4847-B194-264C9B4E386D}.Release|Any CPU.ActiveCfg = Release|Any CPU
		{E8AC8EEB-B947-4847-B194-264C9B4E386D}.Release|Any CPU.Build.0 = Release|Any CPU
		{4462F7BB-8F80-4E69-A6F9-76C6454B1C05}.Debug|Any CPU.ActiveCfg = Debug|Any CPU
		{4462F7BB-8F80-4E69-A6F9-76C6454B1C05}.Debug|Any CPU.Build.0 = Debug|Any CPU
		{4462F7BB-8F80-4E69-A6F9-76C6454B1C05}.Release|Any CPU.ActiveCfg = Release|Any CPU
		{4462F7BB-8F80-4E69-A6F9-76C6454B1C05}.Release|Any CPU.Build.0 = Release|Any CPU
	EndGlobalSection
	GlobalSection(SolutionProperties) = preSolution
		HideSolutionNode = FALSE
	EndGlobalSection
EndGlobal
